// !$*UTF8*$!
{
	archiveVersion = 1;
	classes = {
	};
	objectVersion = 56;
	objects = {

/* Begin PBXBuildFile section */
		20B692C22CE47F0D00D31B2C /* RegisterView.swift in Sources */ = {isa = PBXBuildFile; fileRef = 20B692C12CE47F0D00D31B2C /* RegisterView.swift */; };
		20C3A4242CE4B76200F16B8A /* SupabaseService.swift in Sources */ = {isa = PBXBuildFile; fileRef = 20C3A4232CE4B76200F16B8A /* SupabaseService.swift */; };
		20C3A42A2CE4BFF900F16B8A /* Gallery.swift in Sources */ = {isa = PBXBuildFile; fileRef = 20C3A4292CE4BFF900F16B8A /* Gallery.swift */; };
		20C3A42E2CE4CBDD00F16B8A /* Constants.swift in Sources */ = {isa = PBXBuildFile; fileRef = 20C3A42D2CE4CBDD00F16B8A /* Constants.swift */; };
		20FE908A2CE30FF100D84734 /* MapView.swift in Sources */ = {isa = PBXBuildFile; fileRef = 20FE90892CE30FF100D84734 /* MapView.swift */; };
		9988273D2CB77E5B0081BB26 /* SwiftUIViewi.swift in Sources */ = {isa = PBXBuildFile; fileRef = 9988273C2CB77E5B0081BB26 /* SwiftUIViewi.swift */; };
		99E228AE2CB4EF5600FA79F6 /* ExamenApp.swift in Sources */ = {isa = PBXBuildFile; fileRef = 99E228AD2CB4EF5600FA79F6 /* ExamenApp.swift */; };
		99E228B02CB4EF5600FA79F6 /* ContentView.swift in Sources */ = {isa = PBXBuildFile; fileRef = 99E228AF2CB4EF5600FA79F6 /* ContentView.swift */; };
		99E228B22CB4EF5B00FA79F6 /* Assets.xcassets in Resources */ = {isa = PBXBuildFile; fileRef = 99E228B12CB4EF5B00FA79F6 /* Assets.xcassets */; };
		99E228B52CB4EF5B00FA79F6 /* Preview Assets.xcassets in Resources */ = {isa = PBXBuildFile; fileRef = 99E228B42CB4EF5B00FA79F6 /* Preview Assets.xcassets */; };
		99E228BF2CB4EF5B00FA79F6 /* ExamenTests.swift in Sources */ = {isa = PBXBuildFile; fileRef = 99E228BE2CB4EF5B00FA79F6 /* ExamenTests.swift */; };
		99E228C92CB4EF5B00FA79F6 /* ExamenUITests.swift in Sources */ = {isa = PBXBuildFile; fileRef = 99E228C82CB4EF5B00FA79F6 /* ExamenUITests.swift */; };
		99E228CB2CB4EF5B00FA79F6 /* ExamenUITestsLaunchTests.swift in Sources */ = {isa = PBXBuildFile; fileRef = 99E228CA2CB4EF5B00FA79F6 /* ExamenUITestsLaunchTests.swift */; };
/* End PBXBuildFile section */

/* Begin PBXContainerItemProxy section */
		99E228BB2CB4EF5B00FA79F6 /* PBXContainerItemProxy */ = {
			isa = PBXContainerItemProxy;
			containerPortal = 99E228A22CB4EF5600FA79F6 /* Project object */;
			proxyType = 1;
			remoteGlobalIDString = 99E228A92CB4EF5600FA79F6;
			remoteInfo = Examen;
		};
		99E228C52CB4EF5B00FA79F6 /* PBXContainerItemProxy */ = {
			isa = PBXContainerItemProxy;
			containerPortal = 99E228A22CB4EF5600FA79F6 /* Project object */;
			proxyType = 1;
			remoteGlobalIDString = 99E228A92CB4EF5600FA79F6;
			remoteInfo = Examen;
		};
/* End PBXContainerItemProxy section */

/* Begin PBXFileReference section */
		20B692C12CE47F0D00D31B2C /* RegisterView.swift */ = {isa = PBXFileReference; lastKnownFileType = sourcecode.swift; path = RegisterView.swift; sourceTree = "<group>"; };
		20C3A4232CE4B76200F16B8A /* SupabaseService.swift */ = {isa = PBXFileReference; lastKnownFileType = sourcecode.swift; path = SupabaseService.swift; sourceTree = "<group>"; };
		20C3A4292CE4BFF900F16B8A /* Gallery.swift */ = {isa = PBXFileReference; lastKnownFileType = sourcecode.swift; path = Gallery.swift; sourceTree = "<group>"; };
		20C3A42D2CE4CBDD00F16B8A /* Constants.swift */ = {isa = PBXFileReference; lastKnownFileType = sourcecode.swift; path = Constants.swift; sourceTree = "<group>"; };
		20FE90892CE30FF100D84734 /* MapView.swift */ = {isa = PBXFileReference; lastKnownFileType = sourcecode.swift; path = MapView.swift; sourceTree = "<group>"; };
		9988273C2CB77E5B0081BB26 /* SwiftUIViewi.swift */ = {isa = PBXFileReference; lastKnownFileType = sourcecode.swift; path = SwiftUIViewi.swift; sourceTree = "<group>"; };
		99E228AA2CB4EF5600FA79F6 /* Examen.app */ = {isa = PBXFileReference; explicitFileType = wrapper.application; includeInIndex = 0; path = Examen.app; sourceTree = BUILT_PRODUCTS_DIR; };
		99E228AD2CB4EF5600FA79F6 /* ExamenApp.swift */ = {isa = PBXFileReference; lastKnownFileType = sourcecode.swift; path = ExamenApp.swift; sourceTree = "<group>"; };
		99E228AF2CB4EF5600FA79F6 /* ContentView.swift */ = {isa = PBXFileReference; lastKnownFileType = sourcecode.swift; path = ContentView.swift; sourceTree = "<group>"; };
		99E228B12CB4EF5B00FA79F6 /* Assets.xcassets */ = {isa = PBXFileReference; lastKnownFileType = folder.assetcatalog; path = Assets.xcassets; sourceTree = "<group>"; };
		99E228B42CB4EF5B00FA79F6 /* Preview Assets.xcassets */ = {isa = PBXFileReference; lastKnownFileType = folder.assetcatalog; path = "Preview Assets.xcassets"; sourceTree = "<group>"; };
		99E228BA2CB4EF5B00FA79F6 /* ExamenTests.xctest */ = {isa = PBXFileReference; explicitFileType = wrapper.cfbundle; includeInIndex = 0; path = ExamenTests.xctest; sourceTree = BUILT_PRODUCTS_DIR; };
		99E228BE2CB4EF5B00FA79F6 /* ExamenTests.swift */ = {isa = PBXFileReference; lastKnownFileType = sourcecode.swift; path = ExamenTests.swift; sourceTree = "<group>"; };
		99E228C42CB4EF5B00FA79F6 /* ExamenUITests.xctest */ = {isa = PBXFileReference; explicitFileType = wrapper.cfbundle; includeInIndex = 0; path = ExamenUITests.xctest; sourceTree = BUILT_PRODUCTS_DIR; };
		99E228C82CB4EF5B00FA79F6 /* ExamenUITests.swift */ = {isa = PBXFileReference; lastKnownFileType = sourcecode.swift; path = ExamenUITests.swift; sourceTree = "<group>"; };
		99E228CA2CB4EF5B00FA79F6 /* ExamenUITestsLaunchTests.swift */ = {isa = PBXFileReference; lastKnownFileType = sourcecode.swift; path = ExamenUITestsLaunchTests.swift; sourceTree = "<group>"; };
/* End PBXFileReference section */

/* Begin PBXFrameworksBuildPhase section */
		99E228A72CB4EF5600FA79F6 /* Frameworks */ = {
			isa = PBXFrameworksBuildPhase;
			buildActionMask = 2147483647;
			files = (
			);
			runOnlyForDeploymentPostprocessing = 0;
		};
		99E228B72CB4EF5B00FA79F6 /* Frameworks */ = {
			isa = PBXFrameworksBuildPhase;
			buildActionMask = 2147483647;
			files = (
			);
			runOnlyForDeploymentPostprocessing = 0;
		};
		99E228C12CB4EF5B00FA79F6 /* Frameworks */ = {
			isa = PBXFrameworksBuildPhase;
			buildActionMask = 2147483647;
			files = (
			);
			runOnlyForDeploymentPostprocessing = 0;
		};
/* End PBXFrameworksBuildPhase section */

/* Begin PBXGroup section */
		99E228A12CB4EF5600FA79F6 = {
			isa = PBXGroup;
			children = (
				9988273C2CB77E5B0081BB26 /* SwiftUIViewi.swift */,
				99E228AC2CB4EF5600FA79F6 /* Examen */,
				99E228BD2CB4EF5B00FA79F6 /* ExamenTests */,
				99E228C72CB4EF5B00FA79F6 /* ExamenUITests */,
				99E228AB2CB4EF5600FA79F6 /* Products */,
			);
			sourceTree = "<group>";
		};
		99E228AB2CB4EF5600FA79F6 /* Products */ = {
			isa = PBXGroup;
			children = (
				99E228AA2CB4EF5600FA79F6 /* Examen.app */,
				99E228BA2CB4EF5B00FA79F6 /* ExamenTests.xctest */,
				99E228C42CB4EF5B00FA79F6 /* ExamenUITests.xctest */,
			);
			name = Products;
			sourceTree = "<group>";
		};
		99E228AC2CB4EF5600FA79F6 /* Examen */ = {
			isa = PBXGroup;
			children = (
				99E228AD2CB4EF5600FA79F6 /* ExamenApp.swift */,
				99E228AF2CB4EF5600FA79F6 /* ContentView.swift */,
				99E228B12CB4EF5B00FA79F6 /* Assets.xcassets */,
				99E228B32CB4EF5B00FA79F6 /* Preview Content */,
				20FE90892CE30FF100D84734 /* MapView.swift */,
				20B692C12CE47F0D00D31B2C /* RegisterView.swift */,
				20C3A4232CE4B76200F16B8A /* SupabaseService.swift */,
				20C3A4292CE4BFF900F16B8A /* Gallery.swift */,
				20C3A42D2CE4CBDD00F16B8A /* Constants.swift */,
			);
			path = Examen;
			sourceTree = "<group>";
		};
		99E228B32CB4EF5B00FA79F6 /* Preview Content */ = {
			isa = PBXGroup;
			children = (
				99E228B42CB4EF5B00FA79F6 /* Preview Assets.xcassets */,
			);
			path = "Preview Content";
			sourceTree = "<group>";
		};
		99E228BD2CB4EF5B00FA79F6 /* ExamenTests */ = {
			isa = PBXGroup;
			children = (
				99E228BE2CB4EF5B00FA79F6 /* ExamenTests.swift */,
			);
			path = ExamenTests;
			sourceTree = "<group>";
		};
		99E228C72CB4EF5B00FA79F6 /* ExamenUITests */ = {
			isa = PBXGroup;
			children = (
				99E228C82CB4EF5B00FA79F6 /* ExamenUITests.swift */,
				99E228CA2CB4EF5B00FA79F6 /* ExamenUITestsLaunchTests.swift */,
			);
			path = ExamenUITests;
			sourceTree = "<group>";
		};
/* End PBXGroup section */

/* Begin PBXNativeTarget section */
		99E228A92CB4EF5600FA79F6 /* Examen */ = {
			isa = PBXNativeTarget;
			buildConfigurationList = 99E228CE2CB4EF5B00FA79F6 /* Build configuration list for PBXNativeTarget "Examen" */;
			buildPhases = (
				99E228A62CB4EF5600FA79F6 /* Sources */,
				99E228A72CB4EF5600FA79F6 /* Frameworks */,
				99E228A82CB4EF5600FA79F6 /* Resources */,
			);
			buildRules = (
			);
			dependencies = (
			);
			name = Examen;
			productName = Examen;
			productReference = 99E228AA2CB4EF5600FA79F6 /* Examen.app */;
			productType = "com.apple.product-type.application";
		};
		99E228B92CB4EF5B00FA79F6 /* ExamenTests */ = {
			isa = PBXNativeTarget;
			buildConfigurationList = 99E228D12CB4EF5B00FA79F6 /* Build configuration list for PBXNativeTarget "ExamenTests" */;
			buildPhases = (
				99E228B62CB4EF5B00FA79F6 /* Sources */,
				99E228B72CB4EF5B00FA79F6 /* Frameworks */,
				99E228B82CB4EF5B00FA79F6 /* Resources */,
			);
			buildRules = (
			);
			dependencies = (
				99E228BC2CB4EF5B00FA79F6 /* PBXTargetDependency */,
			);
			name = ExamenTests;
			productName = ExamenTests;
			productReference = 99E228BA2CB4EF5B00FA79F6 /* ExamenTests.xctest */;
			productType = "com.apple.product-type.bundle.unit-test";
		};
		99E228C32CB4EF5B00FA79F6 /* ExamenUITests */ = {
			isa = PBXNativeTarget;
			buildConfigurationList = 99E228D42CB4EF5B00FA79F6 /* Build configuration list for PBXNativeTarget "ExamenUITests" */;
			buildPhases = (
				99E228C02CB4EF5B00FA79F6 /* Sources */,
				99E228C12CB4EF5B00FA79F6 /* Frameworks */,
				99E228C22CB4EF5B00FA79F6 /* Resources */,
			);
			buildRules = (
			);
			dependencies = (
				99E228C62CB4EF5B00FA79F6 /* PBXTargetDependency */,
			);
			name = ExamenUITests;
			productName = ExamenUITests;
			productReference = 99E228C42CB4EF5B00FA79F6 /* ExamenUITests.xctest */;
			productType = "com.apple.product-type.bundle.ui-testing";
		};
/* End PBXNativeTarget section */

/* Begin PBXProject section */
		99E228A22CB4EF5600FA79F6 /* Project object */ = {
			isa = PBXProject;
			attributes = {
				BuildIndependentTargetsInParallel = 1;
				LastSwiftUpdateCheck = 1500;
				LastUpgradeCheck = 1500;
				TargetAttributes = {
					99E228A92CB4EF5600FA79F6 = {
						CreatedOnToolsVersion = 15.0;
					};
					99E228B92CB4EF5B00FA79F6 = {
						CreatedOnToolsVersion = 15.0;
						TestTargetID = 99E228A92CB4EF5600FA79F6;
					};
					99E228C32CB4EF5B00FA79F6 = {
						CreatedOnToolsVersion = 15.0;
						TestTargetID = 99E228A92CB4EF5600FA79F6;
					};
				};
			};
			buildConfigurationList = 99E228A52CB4EF5600FA79F6 /* Build configuration list for PBXProject "Examen" */;
			compatibilityVersion = "Xcode 14.0";
			developmentRegion = en;
			hasScannedForEncodings = 0;
			knownRegions = (
				en,
				Base,
			);
			mainGroup = 99E228A12CB4EF5600FA79F6;
			packageReferences = (
				20C3A4202CE4B59300F16B8A /* XCRemoteSwiftPackageReference "supabase-swift" */,
			);
			productRefGroup = 99E228AB2CB4EF5600FA79F6 /* Products */;
			projectDirPath = "";
			projectRoot = "";
			targets = (
				99E228A92CB4EF5600FA79F6 /* Examen */,
				99E228B92CB4EF5B00FA79F6 /* ExamenTests */,
				99E228C32CB4EF5B00FA79F6 /* ExamenUITests */,
			);
		};
/* End PBXProject section */

/* Begin PBXResourcesBuildPhase section */
		99E228A82CB4EF5600FA79F6 /* Resources */ = {
			isa = PBXResourcesBuildPhase;
			buildActionMask = 2147483647;
			files = (
				99E228B52CB4EF5B00FA79F6 /* Preview Assets.xcassets in Resources */,
				99E228B22CB4EF5B00FA79F6 /* Assets.xcassets in Resources */,
			);
			runOnlyForDeploymentPostprocessing = 0;
		};
		99E228B82CB4EF5B00FA79F6 /* Resources */ = {
			isa = PBXResourcesBuildPhase;
			buildActionMask = 2147483647;
			files = (
			);
			runOnlyForDeploymentPostprocessing = 0;
		};
		99E228C22CB4EF5B00FA79F6 /* Resources */ = {
			isa = PBXResourcesBuildPhase;
			buildActionMask = 2147483647;
			files = (
			);
			runOnlyForDeploymentPostprocessing = 0;
		};
/* End PBXResourcesBuildPhase section */

/* Begin PBXSourcesBuildPhase section */
		99E228A62CB4EF5600FA79F6 /* Sources */ = {
			isa = PBXSourcesBuildPhase;
			buildActionMask = 2147483647;
			files = (
				99E228B02CB4EF5600FA79F6 /* ContentView.swift in Sources */,
				20C3A42A2CE4BFF900F16B8A /* Gallery.swift in Sources */,
				20C3A4242CE4B76200F16B8A /* SupabaseService.swift in Sources */,
				20B692C22CE47F0D00D31B2C /* RegisterView.swift in Sources */,
				20FE908A2CE30FF100D84734 /* MapView.swift in Sources */,
				99E228AE2CB4EF5600FA79F6 /* ExamenApp.swift in Sources */,
				9988273D2CB77E5B0081BB26 /* SwiftUIViewi.swift in Sources */,
				20C3A42E2CE4CBDD00F16B8A /* Constants.swift in Sources */,
			);
			runOnlyForDeploymentPostprocessing = 0;
		};
		99E228B62CB4EF5B00FA79F6 /* Sources */ = {
			isa = PBXSourcesBuildPhase;
			buildActionMask = 2147483647;
			files = (
				99E228BF2CB4EF5B00FA79F6 /* ExamenTests.swift in Sources */,
			);
			runOnlyForDeploymentPostprocessing = 0;
		};
		99E228C02CB4EF5B00FA79F6 /* Sources */ = {
			isa = PBXSourcesBuildPhase;
			buildActionMask = 2147483647;
			files = (
				99E228CB2CB4EF5B00FA79F6 /* ExamenUITestsLaunchTests.swift in Sources */,
				99E228C92CB4EF5B00FA79F6 /* ExamenUITests.swift in Sources */,
			);
			runOnlyForDeploymentPostprocessing = 0;
		};
/* End PBXSourcesBuildPhase section */

/* Begin PBXTargetDependency section */
		99E228BC2CB4EF5B00FA79F6 /* PBXTargetDependency */ = {
			isa = PBXTargetDependency;
			target = 99E228A92CB4EF5600FA79F6 /* Examen */;
			targetProxy = 99E228BB2CB4EF5B00FA79F6 /* PBXContainerItemProxy */;
		};
		99E228C62CB4EF5B00FA79F6 /* PBXTargetDependency */ = {
			isa = PBXTargetDependency;
			target = 99E228A92CB4EF5600FA79F6 /* Examen */;
			targetProxy = 99E228C52CB4EF5B00FA79F6 /* PBXContainerItemProxy */;
		};
/* End PBXTargetDependency section */

/* Begin XCBuildConfiguration section */
		99E228CC2CB4EF5B00FA79F6 /* Debug */ = {
			isa = XCBuildConfiguration;
			buildSettings = {
				ALWAYS_SEARCH_USER_PATHS = NO;
				ASSETCATALOG_COMPILER_GENERATE_SWIFT_ASSET_SYMBOL_EXTENSIONS = YES;
				CLANG_ANALYZER_NONNULL = YES;
				CLANG_ANALYZER_NUMBER_OBJECT_CONVERSION = YES_AGGRESSIVE;
				CLANG_CXX_LANGUAGE_STANDARD = "gnu++20";
				CLANG_ENABLE_MODULES = YES;
				CLANG_ENABLE_OBJC_ARC = YES;
				CLANG_ENABLE_OBJC_WEAK = YES;
				CLANG_WARN_BLOCK_CAPTURE_AUTORELEASING = YES;
				CLANG_WARN_BOOL_CONVERSION = YES;
				CLANG_WARN_COMMA = YES;
				CLANG_WARN_CONSTANT_CONVERSION = YES;
				CLANG_WARN_DEPRECATED_OBJC_IMPLEMENTATIONS = YES;
				CLANG_WARN_DIRECT_OBJC_ISA_USAGE = YES_ERROR;
				CLANG_WARN_DOCUMENTATION_COMMENTS = YES;
				CLANG_WARN_EMPTY_BODY = YES;
				CLANG_WARN_ENUM_CONVERSION = YES;
				CLANG_WARN_INFINITE_RECURSION = YES;
				CLANG_WARN_INT_CONVERSION = YES;
				CLANG_WARN_NON_LITERAL_NULL_CONVERSION = YES;
				CLANG_WARN_OBJC_IMPLICIT_RETAIN_SELF = YES;
				CLANG_WARN_OBJC_LITERAL_CONVERSION = YES;
				CLANG_WARN_OBJC_ROOT_CLASS = YES_ERROR;
				CLANG_WARN_QUOTED_INCLUDE_IN_FRAMEWORK_HEADER = YES;
				CLANG_WARN_RANGE_LOOP_ANALYSIS = YES;
				CLANG_WARN_STRICT_PROTOTYPES = YES;
				CLANG_WARN_SUSPICIOUS_MOVE = YES;
				CLANG_WARN_UNGUARDED_AVAILABILITY = YES_AGGRESSIVE;
				CLANG_WARN_UNREACHABLE_CODE = YES;
				CLANG_WARN__DUPLICATE_METHOD_MATCH = YES;
				COPY_PHASE_STRIP = NO;
				DEBUG_INFORMATION_FORMAT = dwarf;
				ENABLE_STRICT_OBJC_MSGSEND = YES;
				ENABLE_TESTABILITY = YES;
				ENABLE_USER_SCRIPT_SANDBOXING = YES;
				GCC_C_LANGUAGE_STANDARD = gnu17;
				GCC_DYNAMIC_NO_PIC = NO;
				GCC_NO_COMMON_BLOCKS = YES;
				GCC_OPTIMIZATION_LEVEL = 0;
				GCC_PREPROCESSOR_DEFINITIONS = (
					"DEBUG=1",
					"$(inherited)",
				);
				GCC_WARN_64_TO_32_BIT_CONVERSION = YES;
				GCC_WARN_ABOUT_RETURN_TYPE = YES_ERROR;
				GCC_WARN_UNDECLARED_SELECTOR = YES;
				GCC_WARN_UNINITIALIZED_AUTOS = YES_AGGRESSIVE;
				GCC_WARN_UNUSED_FUNCTION = YES;
				GCC_WARN_UNUSED_VARIABLE = YES;
				IPHONEOS_DEPLOYMENT_TARGET = 15.0;
				LOCALIZATION_PREFERS_STRING_CATALOGS = YES;
				MTL_ENABLE_DEBUG_INFO = INCLUDE_SOURCE;
				MTL_FAST_MATH = YES;
				ONLY_ACTIVE_ARCH = YES;
				SDKROOT = iphoneos;
				SWIFT_ACTIVE_COMPILATION_CONDITIONS = "DEBUG $(inherited)";
				SWIFT_OPTIMIZATION_LEVEL = "-Onone";
			};
			name = Debug;
		};
		99E228CD2CB4EF5B00FA79F6 /* Release */ = {
			isa = XCBuildConfiguration;
			buildSettings = {
				ALWAYS_SEARCH_USER_PATHS = NO;
				ASSETCATALOG_COMPILER_GENERATE_SWIFT_ASSET_SYMBOL_EXTENSIONS = YES;
				CLANG_ANALYZER_NONNULL = YES;
				CLANG_ANALYZER_NUMBER_OBJECT_CONVERSION = YES_AGGRESSIVE;
				CLANG_CXX_LANGUAGE_STANDARD = "gnu++20";
				CLANG_ENABLE_MODULES = YES;
				CLANG_ENABLE_OBJC_ARC = YES;
				CLANG_ENABLE_OBJC_WEAK = YES;
				CLANG_WARN_BLOCK_CAPTURE_AUTORELEASING = YES;
				CLANG_WARN_BOOL_CONVERSION = YES;
				CLANG_WARN_COMMA = YES;
				CLANG_WARN_CONSTANT_CONVERSION = YES;
				CLANG_WARN_DEPRECATED_OBJC_IMPLEMENTATIONS = YES;
				CLANG_WARN_DIRECT_OBJC_ISA_USAGE = YES_ERROR;
				CLANG_WARN_DOCUMENTATION_COMMENTS = YES;
				CLANG_WARN_EMPTY_BODY = YES;
				CLANG_WARN_ENUM_CONVERSION = YES;
				CLANG_WARN_INFINITE_RECURSION = YES;
				CLANG_WARN_INT_CONVERSION = YES;
				CLANG_WARN_NON_LITERAL_NULL_CONVERSION = YES;
				CLANG_WARN_OBJC_IMPLICIT_RETAIN_SELF = YES;
				CLANG_WARN_OBJC_LITERAL_CONVERSION = YES;
				CLANG_WARN_OBJC_ROOT_CLASS = YES_ERROR;
				CLANG_WARN_QUOTED_INCLUDE_IN_FRAMEWORK_HEADER = YES;
				CLANG_WARN_RANGE_LOOP_ANALYSIS = YES;
				CLANG_WARN_STRICT_PROTOTYPES = YES;
				CLANG_WARN_SUSPICIOUS_MOVE = YES;
				CLANG_WARN_UNGUARDED_AVAILABILITY = YES_AGGRESSIVE;
				CLANG_WARN_UNREACHABLE_CODE = YES;
				CLANG_WARN__DUPLICATE_METHOD_MATCH = YES;
				COPY_PHASE_STRIP = NO;
				DEBUG_INFORMATION_FORMAT = "dwarf-with-dsym";
				ENABLE_NS_ASSERTIONS = NO;
				ENABLE_STRICT_OBJC_MSGSEND = YES;
				ENABLE_USER_SCRIPT_SANDBOXING = YES;
				GCC_C_LANGUAGE_STANDARD = gnu17;
				GCC_NO_COMMON_BLOCKS = YES;
				GCC_WARN_64_TO_32_BIT_CONVERSION = YES;
				GCC_WARN_ABOUT_RETURN_TYPE = YES_ERROR;
				GCC_WARN_UNDECLARED_SELECTOR = YES;
				GCC_WARN_UNINITIALIZED_AUTOS = YES_AGGRESSIVE;
				GCC_WARN_UNUSED_FUNCTION = YES;
				GCC_WARN_UNUSED_VARIABLE = YES;
				IPHONEOS_DEPLOYMENT_TARGET = 15.0;
				LOCALIZATION_PREFERS_STRING_CATALOGS = YES;
				MTL_ENABLE_DEBUG_INFO = NO;
				MTL_FAST_MATH = YES;
				SDKROOT = iphoneos;
				SWIFT_COMPILATION_MODE = wholemodule;
				VALIDATE_PRODUCT = YES;
			};
			name = Release;
		};
		99E228CF2CB4EF5B00FA79F6 /* Debug */ = {
			isa = XCBuildConfiguration;
			buildSettings = {
				ASSETCATALOG_COMPILER_APPICON_NAME = AppIcon;
				ASSETCATALOG_COMPILER_GLOBAL_ACCENT_COLOR_NAME = AccentColor;
				CODE_SIGN_STYLE = Automatic;
				CURRENT_PROJECT_VERSION = 1;
				DEVELOPMENT_ASSET_PATHS = "\"Examen/Preview Content\"";
				ENABLE_PREVIEWS = YES;
				GENERATE_INFOPLIST_FILE = YES;
				INFOPLIST_KEY_UIApplicationSceneManifest_Generation = YES;
				INFOPLIST_KEY_UIApplicationSupportsIndirectInputEvents = YES;
				INFOPLIST_KEY_UILaunchScreen_Generation = YES;
				INFOPLIST_KEY_UISupportedInterfaceOrientations_iPad = "UIInterfaceOrientationPortrait UIInterfaceOrientationPortraitUpsideDown UIInterfaceOrientationLandscapeLeft UIInterfaceOrientationLandscapeRight";
				INFOPLIST_KEY_UISupportedInterfaceOrientations_iPhone = "UIInterfaceOrientationPortrait UIInterfaceOrientationLandscapeLeft UIInterfaceOrientationLandscapeRight";
				IPHONEOS_DEPLOYMENT_TARGET = 15.0;
				LD_RUNPATH_SEARCH_PATHS = (
					"$(inherited)",
					"@executable_path/Frameworks",
				);
				MARKETING_VERSION = 1.0;
				PRODUCT_BUNDLE_IDENTIFIER = epis.Examen;
				PRODUCT_NAME = "$(TARGET_NAME)";
				SWIFT_EMIT_LOC_STRINGS = YES;
				SWIFT_VERSION = 5.0;
				TARGETED_DEVICE_FAMILY = "1,2";
			};
			name = Debug;
		};
		99E228D02CB4EF5B00FA79F6 /* Release */ = {
			isa = XCBuildConfiguration;
			buildSettings = {
				ASSETCATALOG_COMPILER_APPICON_NAME = AppIcon;
				ASSETCATALOG_COMPILER_GLOBAL_ACCENT_COLOR_NAME = AccentColor;
				CODE_SIGN_STYLE = Automatic;
				CURRENT_PROJECT_VERSION = 1;
				DEVELOPMENT_ASSET_PATHS = "\"Examen/Preview Content\"";
				ENABLE_PREVIEWS = YES;
				GENERATE_INFOPLIST_FILE = YES;
				INFOPLIST_KEY_UIApplicationSceneManifest_Generation = YES;
				INFOPLIST_KEY_UIApplicationSupportsIndirectInputEvents = YES;
				INFOPLIST_KEY_UILaunchScreen_Generation = YES;
				INFOPLIST_KEY_UISupportedInterfaceOrientations_iPad = "UIInterfaceOrientationPortrait UIInterfaceOrientationPortraitUpsideDown UIInterfaceOrientationLandscapeLeft UIInterfaceOrientationLandscapeRight";
				INFOPLIST_KEY_UISupportedInterfaceOrientations_iPhone = "UIInterfaceOrientationPortrait UIInterfaceOrientationLandscapeLeft UIInterfaceOrientationLandscapeRight";
				IPHONEOS_DEPLOYMENT_TARGET = 15.0;
				LD_RUNPATH_SEARCH_PATHS = (
					"$(inherited)",
					"@executable_path/Frameworks",
				);
				MARKETING_VERSION = 1.0;
				PRODUCT_BUNDLE_IDENTIFIER = epis.Examen;
				PRODUCT_NAME = "$(TARGET_NAME)";
				SWIFT_EMIT_LOC_STRINGS = YES;
				SWIFT_VERSION = 5.0;
				TARGETED_DEVICE_FAMILY = "1,2";
			};
			name = Release;
		};
		99E228D22CB4EF5B00FA79F6 /* Debug */ = {
			isa = XCBuildConfiguration;
			buildSettings = {
				ALWAYS_EMBED_SWIFT_STANDARD_LIBRARIES = YES;
				BUNDLE_LOADER = "$(TEST_HOST)";
				CODE_SIGN_STYLE = Automatic;
				CURRENT_PROJECT_VERSION = 1;
				GENERATE_INFOPLIST_FILE = YES;
				IPHONEOS_DEPLOYMENT_TARGET = 15.0;
				MARKETING_VERSION = 1.0;
				PRODUCT_BUNDLE_IDENTIFIER = epis.ExamenTests;
				PRODUCT_NAME = "$(TARGET_NAME)";
				SWIFT_EMIT_LOC_STRINGS = NO;
				SWIFT_VERSION = 5.0;
				TARGETED_DEVICE_FAMILY = "1,2";
				TEST_HOST = "$(BUILT_PRODUCTS_DIR)/Examen.app/$(BUNDLE_EXECUTABLE_FOLDER_PATH)/Examen";
			};
			name = Debug;
		};
		99E228D32CB4EF5B00FA79F6 /* Release */ = {
			isa = XCBuildConfiguration;
			buildSettings = {
				ALWAYS_EMBED_SWIFT_STANDARD_LIBRARIES = YES;
				BUNDLE_LOADER = "$(TEST_HOST)";
				CODE_SIGN_STYLE = Automatic;
				CURRENT_PROJECT_VERSION = 1;
				GENERATE_INFOPLIST_FILE = YES;
				IPHONEOS_DEPLOYMENT_TARGET = 15.0;
				MARKETING_VERSION = 1.0;
				PRODUCT_BUNDLE_IDENTIFIER = epis.ExamenTests;
				PRODUCT_NAME = "$(TARGET_NAME)";
				SWIFT_EMIT_LOC_STRINGS = NO;
				SWIFT_VERSION = 5.0;
				TARGETED_DEVICE_FAMILY = "1,2";
				TEST_HOST = "$(BUILT_PRODUCTS_DIR)/Examen.app/$(BUNDLE_EXECUTABLE_FOLDER_PATH)/Examen";
			};
			name = Release;
		};
		99E228D52CB4EF5B00FA79F6 /* Debug */ = {
			isa = XCBuildConfiguration;
			buildSettings = {
				ALWAYS_EMBED_SWIFT_STANDARD_LIBRARIES = YES;
				CODE_SIGN_STYLE = Automatic;
				CURRENT_PROJECT_VERSION = 1;
				GENERATE_INFOPLIST_FILE = YES;
				IPHONEOS_DEPLOYMENT_TARGET = 15.0;
				MARKETING_VERSION = 1.0;
				PRODUCT_BUNDLE_IDENTIFIER = epis.ExamenUITests;
				PRODUCT_NAME = "$(TARGET_NAME)";
				SWIFT_EMIT_LOC_STRINGS = NO;
				SWIFT_VERSION = 5.0;
				TARGETED_DEVICE_FAMILY = "1,2";
				TEST_TARGET_NAME = Examen;
			};
			name = Debug;
		};
		99E228D62CB4EF5B00FA79F6 /* Release */ = {
			isa = XCBuildConfiguration;
			buildSettings = {
				ALWAYS_EMBED_SWIFT_STANDARD_LIBRARIES = YES;
				CODE_SIGN_STYLE = Automatic;
				CURRENT_PROJECT_VERSION = 1;
				GENERATE_INFOPLIST_FILE = YES;
				IPHONEOS_DEPLOYMENT_TARGET = 15.0;
				MARKETING_VERSION = 1.0;
				PRODUCT_BUNDLE_IDENTIFIER = epis.ExamenUITests;
				PRODUCT_NAME = "$(TARGET_NAME)";
				SWIFT_EMIT_LOC_STRINGS = NO;
				SWIFT_VERSION = 5.0;
				TARGETED_DEVICE_FAMILY = "1,2";
				TEST_TARGET_NAME = Examen;
			};
			name = Release;
		};
/* End XCBuildConfiguration section */

/* Begin XCConfigurationList section */
		99E228A52CB4EF5600FA79F6 /* Build configuration list for PBXProject "Examen" */ = {
			isa = XCConfigurationList;
			buildConfigurations = (
				99E228CC2CB4EF5B00FA79F6 /* Debug */,
				99E228CD2CB4EF5B00FA79F6 /* Release */,
			);
			defaultConfigurationIsVisible = 0;
			defaultConfigurationName = Release;
		};
		99E228CE2CB4EF5B00FA79F6 /* Build configuration list for PBXNativeTarget "Examen" */ = {
			isa = XCConfigurationList;
			buildConfigurations = (
				99E228CF2CB4EF5B00FA79F6 /* Debug */,
				99E228D02CB4EF5B00FA79F6 /* Release */,
			);
			defaultConfigurationIsVisible = 0;
			defaultConfigurationName = Release;
		};
		99E228D12CB4EF5B00FA79F6 /* Build configuration list for PBXNativeTarget "ExamenTests" */ = {
			isa = XCConfigurationList;
			buildConfigurations = (
				99E228D22CB4EF5B00FA79F6 /* Debug */,
				99E228D32CB4EF5B00FA79F6 /* Release */,
			);
			defaultConfigurationIsVisible = 0;
			defaultConfigurationName = Release;
		};
		99E228D42CB4EF5B00FA79F6 /* Build configuration list for PBXNativeTarget "ExamenUITests" */ = {
			isa = XCConfigurationList;
			buildConfigurations = (
				99E228D52CB4EF5B00FA79F6 /* Debug */,
				99E228D62CB4EF5B00FA79F6 /* Release */,
			);
			defaultConfigurationIsVisible = 0;
			defaultConfigurationName = Release;
		};
/* End XCConfigurationList section */

/* Begin XCRemoteSwiftPackageReference section */
		20C3A4202CE4B59300F16B8A /* XCRemoteSwiftPackageReference "supabase-swift" */ = {
			isa = XCRemoteSwiftPackageReference;
			repositoryURL = "https://github.com/supabase-community/supabase-swift";
			requirement = {
				kind = upToNextMajorVersion;
				minimumVersion = 2.5.1;
			};
		};
/* End XCRemoteSwiftPackageReference section */
	};
	rootObject = 99E228A22CB4EF5600FA79F6 /* Project object */;
}
